<Solution>
  <Folder Name="/Itens de Solução/">
    <File Path="docker-compose.yml" />
  </Folder>
  <Folder Name="/src/">
    <Project Path="src/UrlShortener.Api/UrlShortener.Api.csproj" />
    <Project Path="src/UrlShortener.Application/UrlShortener.Application.csproj" />
    <Project Path="src/UrlShortener.Domain/UrlShortener.Domain.csproj" />
    <Project Path="src/UrlShortener.Infra/UrlShortener.Infra.csproj" />
  </Folder>
</Solution>
