<Solution>
  <Folder Name="/Itens de Solução/">
    <File Path="docker-compose.yml" />
  </Folder>
  <Folder Name="/src/">
    <Project Path="src/UrlShortener.Api/UrlShortener.Api.csproj" />
    <Project Path="src/UrlShortener.Application/UrlShortener.Application.csproj" />
    <Project Path="src/UrlShortener.Domain/UrlShortener.Domain.csproj" />
    <Project Path="src/UrlShortener.Infra/UrlShortener.Infra.csproj" />
  </Folder>
  <Folder Name="/tests/">
    <Project Path="tests/UrlShortener.Tests/UrlShortener.Tests.csproj" Id="0b79f6ac-be75-4439-b188-8df412091c54" />
  </Folder>
</Solution>
